
Microsoft Visual Studio Solution File, Format Version 12.00
# Visual Studio Version 17
VisualStudioVersion = 17.5.33502.453
MinimumVisualStudioVersion = 10.0.40219.1
Project("{FAE04EC0-301F-11D3-BF4B-00C04F79EFBC}") = "Deneme", "Deneme.csproj", "{B3C21D8C-DE62-470B-A3D8-97FCCC8C46B3}"
EndProject
Global
	GlobalSection(SolutionConfigurationPlatforms) = preSolution
		Debug|Any CPU = Debug|Any CPU
		Release|Any CPU = Release|Any CPU
	EndGlobalSection
	GlobalSection(ProjectConfigurationPlatforms) = postSolution
		{B3C21D8C-DE62-470B-A3D8-97FCCC8C46B3}.Debug|Any CPU.ActiveCfg = Debug|Any CPU
		{B3C21D8C-DE62-470B-A3D8-97FCCC8C46B3}.Debug|Any CPU.Build.0 = Debug|Any CPU
		{B3C21D8C-DE62-470B-A3D8-97FCCC8C46B3}.Release|Any CPU.ActiveCfg = Release|Any CPU
		{B3C21D8C-DE62-470B-A3D8-97FCCC8C46B3}.Release|Any CPU.Build.0 = Release|Any CPU
	EndGlobalSection
	GlobalSection(SolutionProperties) = preSolution
		HideSolutionNode = FALSE
	EndGlobalSection
	GlobalSection(ExtensibilityGlobals) = postSolution
		SolutionGuid = {DDCFF28F-2290-40CB-8FBD-CDB431E23389}
	EndGlobalSection
EndGlobal
