
Microsoft Visual Studio Solution File, Format Version 12.00
# Visual Studio Version 17
VisualStudioVersion = 17.5.33502.453
MinimumVisualStudioVersion = 10.0.40219.1
Project("{FAE04EC0-301F-11D3-BF4B-00C04F79EFBC}") = "Metin Belgesi Oluşturma", "Metin Belgesi Oluşturma.csproj", "{EFA68A79-18EF-4E2D-8369-59EA9D953A8F}"
EndProject
Global
	GlobalSection(SolutionConfigurationPlatforms) = preSolution
		Debug|Any CPU = Debug|Any CPU
		Release|Any CPU = Release|Any CPU
	EndGlobalSection
	GlobalSection(ProjectConfigurationPlatforms) = postSolution
		{EFA68A79-18EF-4E2D-8369-59EA9D953A8F}.Debug|Any CPU.ActiveCfg = Debug|Any CPU
		{EFA68A79-18EF-4E2D-8369-59EA9D953A8F}.Debug|Any CPU.Build.0 = Debug|Any CPU
		{EFA68A79-18EF-4E2D-8369-59EA9D953A8F}.Release|Any CPU.ActiveCfg = Release|Any CPU
		{EFA68A79-18EF-4E2D-8369-59EA9D953A8F}.Release|Any CPU.Build.0 = Release|Any CPU
	EndGlobalSection
	GlobalSection(SolutionProperties) = preSolution
		HideSolutionNode = FALSE
	EndGlobalSection
	GlobalSection(ExtensibilityGlobals) = postSolution
		SolutionGuid = {4BFB9D6A-97B8-4019-B3EA-EF6EFD6801CD}
	EndGlobalSection
EndGlobal
