
Microsoft Visual Studio Solution File, Format Version 12.00
# Visual Studio Version 17
VisualStudioVersion = 17.5.33414.496
MinimumVisualStudioVersion = 10.0.40219.1
Project("{FAE04EC0-301F-11D3-BF4B-00C04F79EFBC}") = "Bilgi_Yarisması", "Bilgi_Yarisması.csproj", "{79662110-C389-4B84-AF14-79FB42901221}"
EndProject
Global
	GlobalSection(SolutionConfigurationPlatforms) = preSolution
		Debug|Any CPU = Debug|Any CPU
		Release|Any CPU = Release|Any CPU
	EndGlobalSection
	GlobalSection(ProjectConfigurationPlatforms) = postSolution
		{79662110-C389-4B84-AF14-79FB42901221}.Debug|Any CPU.ActiveCfg = Debug|Any CPU
		{79662110-C389-4B84-AF14-79FB42901221}.Debug|Any CPU.Build.0 = Debug|Any CPU
		{79662110-C389-4B84-AF14-79FB42901221}.Release|Any CPU.ActiveCfg = Release|Any CPU
		{79662110-C389-4B84-AF14-79FB42901221}.Release|Any CPU.Build.0 = Release|Any CPU
	EndGlobalSection
	GlobalSection(SolutionProperties) = preSolution
		HideSolutionNode = FALSE
	EndGlobalSection
	GlobalSection(ExtensibilityGlobals) = postSolution
		SolutionGuid = {C7A7D344-F7F2-4D1F-9A1D-178182C0F597}
	EndGlobalSection
EndGlobal
