
Microsoft Visual Studio Solution File, Format Version 12.00
# Visual Studio Version 17
VisualStudioVersion = 17.5.33414.496
MinimumVisualStudioVersion = 10.0.40219.1
Project("{FAE04EC0-301F-11D3-BF4B-00C04F79EFBC}") = "Degiskenler_16", "Degiskenler_16.csproj", "{D585518D-5F03-42B6-851E-EF1B6DBDB7E2}"
EndProject
Global
	GlobalSection(SolutionConfigurationPlatforms) = preSolution
		Debug|Any CPU = Debug|Any CPU
		Release|Any CPU = Release|Any CPU
	EndGlobalSection
	GlobalSection(ProjectConfigurationPlatforms) = postSolution
		{D585518D-5F03-42B6-851E-EF1B6DBDB7E2}.Debug|Any CPU.ActiveCfg = Debug|Any CPU
		{D585518D-5F03-42B6-851E-EF1B6DBDB7E2}.Debug|Any CPU.Build.0 = Debug|Any CPU
		{D585518D-5F03-42B6-851E-EF1B6DBDB7E2}.Release|Any CPU.ActiveCfg = Release|Any CPU
		{D585518D-5F03-42B6-851E-EF1B6DBDB7E2}.Release|Any CPU.Build.0 = Release|Any CPU
	EndGlobalSection
	GlobalSection(SolutionProperties) = preSolution
		HideSolutionNode = FALSE
	EndGlobalSection
	GlobalSection(ExtensibilityGlobals) = postSolution
		SolutionGuid = {77D3292F-8842-4556-AAD7-3E1F6D2F853C}
	EndGlobalSection
EndGlobal
